
Microsoft Visual Studio Solution File, Format Version 12.00
# Visual Studio Version 16
VisualStudioVersion = 16.0.31624.102
MinimumVisualStudioVersion = 10.0.40219.1
Project("{2150E333-8FDC-42A3-9474-1A3956D46DE8}") = "Solution Items", "Solution Items", "{248B9F05-352B-437F-A9B3-2F6FBC9889E4}"
	ProjectSection(SolutionItems) = preProject
		.editorconfig = .editorconfig
		.gitattributes = .gitattributes
		.gitignore = .gitignore
		azure-pipelines.yml = azure-pipelines.yml
		contributing.md = contributing.md
		GitVersion.yml = GitVersion.yml
		license.md = license.md
	EndProjectSection
EndProject
Project("{2150E333-8FDC-42A3-9474-1A3956D46DE8}") = ".config", ".config", "{F9E047D0-0D78-47B0-908F-4A94C4B1BFF6}"
	ProjectSection(SolutionItems) = preProject
		.config\dotnet-tools.json = .config\dotnet-tools.json
	EndProjectSection
EndProject
Project("{2150E333-8FDC-42A3-9474-1A3956D46DE8}") = ".docs", ".docs", "{EC976667-C895-4B7B-93AE-7B5650F92E56}"
	ProjectSection(SolutionItems) = preProject
		.docs\conventional.types.md = .docs\conventional.types.md
		.docs\repository.structure.md = .docs\repository.structure.md
	EndProjectSection
EndProject
Project("{2150E333-8FDC-42A3-9474-1A3956D46DE8}") = ".githooks", ".githooks", "{B535D80C-ECC9-4FE5-A9B8-EE1E5C037C0C}"
	ProjectSection(SolutionItems) = preProject
		.githooks\commit-msg = .githooks\commit-msg
		.githooks\pre-commit = .githooks\pre-commit
	EndProjectSection
EndProject
Project("{2150E333-8FDC-42A3-9474-1A3956D46DE8}") = ".pipelines", ".pipelines", "{9DB61DE8-8A58-4E30-B27E-501208993AC2}"
EndProject
Project("{2150E333-8FDC-42A3-9474-1A3956D46DE8}") = ".scripts", ".scripts", "{E4131082-57EA-47BE-A9CB-82E2D26206A9}"
	ProjectSection(SolutionItems) = preProject
		.pipelines\.scripts\run.mutation.tests.ps1 = .pipelines\.scripts\run.mutation.tests.ps1
	EndProjectSection
EndProject
Project("{2150E333-8FDC-42A3-9474-1A3956D46DE8}") = ".templates", ".templates", "{EE66AB49-9F2B-4873-8438-20348A157826}"
	ProjectSection(SolutionItems) = preProject
		.pipelines\.templates\copy.from.container.yml = .pipelines\.templates\copy.from.container.yml
		.pipelines\.templates\generate.version.yml = .pipelines\.templates\generate.version.yml
		.pipelines\.templates\publish.codecoverage.results.yml = .pipelines\.templates\publish.codecoverage.results.yml
		.pipelines\.templates\publish.mutation.test.results.yml = .pipelines\.templates\publish.mutation.test.results.yml
		.pipelines\.templates\publish.test.results.yml = .pipelines\.templates\publish.test.results.yml
		.pipelines\.templates\repository.tag.yml = .pipelines\.templates\repository.tag.yml
	EndProjectSection
EndProject
Project("{2150E333-8FDC-42A3-9474-1A3956D46DE8}") = "src", "src", "{CC58C694-EB8D-47B7-B6ED-BB3ABF22AF98}"
EndProject
Project("{FAE04EC0-301F-11D3-BF4B-00C04F79EFBC}") = "Vaeyori.Generics.Types", "src\Vaeyori.Generics.Types\Vaeyori.Generics.Types.csproj", "{D085F8AA-C0D5-4AEB-A075-EEFBFA8B9CC6}"
EndProject
Project("{FAE04EC0-301F-11D3-BF4B-00C04F79EFBC}") = "Vaeyori.Generics.Types.UnitTests", "src\Vaeyori.Generics.Types.UnitTests\Vaeyori.Generics.Types.UnitTests.csproj", "{D4C67751-4908-4937-95B2-9329380731D5}"
EndProject
Global
	GlobalSection(SolutionConfigurationPlatforms) = preSolution
		Debug|Any CPU = Debug|Any CPU
		Release|Any CPU = Release|Any CPU
	EndGlobalSection
	GlobalSection(ProjectConfigurationPlatforms) = postSolution
		{D085F8AA-C0D5-4AEB-A075-EEFBFA8B9CC6}.Debug|Any CPU.ActiveCfg = Debug|Any CPU
		{D085F8AA-C0D5-4AEB-A075-EEFBFA8B9CC6}.Debug|Any CPU.Build.0 = Debug|Any CPU
		{D085F8AA-C0D5-4AEB-A075-EEFBFA8B9CC6}.Release|Any CPU.ActiveCfg = Release|Any CPU
		{D085F8AA-C0D5-4AEB-A075-EEFBFA8B9CC6}.Release|Any CPU.Build.0 = Release|Any CPU
		{D4C67751-4908-4937-95B2-9329380731D5}.Debug|Any CPU.ActiveCfg = Debug|Any CPU
		{D4C67751-4908-4937-95B2-9329380731D5}.Debug|Any CPU.Build.0 = Debug|Any CPU
		{D4C67751-4908-4937-95B2-9329380731D5}.Release|Any CPU.ActiveCfg = Release|Any CPU
		{D4C67751-4908-4937-95B2-9329380731D5}.Release|Any CPU.Build.0 = Release|Any CPU
	EndGlobalSection
	GlobalSection(SolutionProperties) = preSolution
		HideSolutionNode = FALSE
	EndGlobalSection
	GlobalSection(NestedProjects) = preSolution
		{F9E047D0-0D78-47B0-908F-4A94C4B1BFF6} = {248B9F05-352B-437F-A9B3-2F6FBC9889E4}
		{EC976667-C895-4B7B-93AE-7B5650F92E56} = {248B9F05-352B-437F-A9B3-2F6FBC9889E4}
		{B535D80C-ECC9-4FE5-A9B8-EE1E5C037C0C} = {248B9F05-352B-437F-A9B3-2F6FBC9889E4}
		{9DB61DE8-8A58-4E30-B27E-501208993AC2} = {248B9F05-352B-437F-A9B3-2F6FBC9889E4}
		{E4131082-57EA-47BE-A9CB-82E2D26206A9} = {9DB61DE8-8A58-4E30-B27E-501208993AC2}
		{EE66AB49-9F2B-4873-8438-20348A157826} = {9DB61DE8-8A58-4E30-B27E-501208993AC2}
		{D085F8AA-C0D5-4AEB-A075-EEFBFA8B9CC6} = {CC58C694-EB8D-47B7-B6ED-BB3ABF22AF98}
		{D4C67751-4908-4937-95B2-9329380731D5} = {CC58C694-EB8D-47B7-B6ED-BB3ABF22AF98}
	EndGlobalSection
	GlobalSection(ExtensibilityGlobals) = postSolution
		SolutionGuid = {77FB4227-FB4E-4027-8EFB-46697D8FAB37}
	EndGlobalSection
EndGlobal
